
Microsoft Visual Studio Solution File, Format Version 12.00
# Visual Studio Version 16
VisualStudioVersion = 16.0.31729.503
MinimumVisualStudioVersion = 10.0.40219.1
Project("{8BC9CEB8-8B4A-11D0-8D11-00A0C91BC942}") = "Project2-GBN", "Project2-GBN\Project2-GBN.vcxproj", "{5885B2C8-842D-49C0-833E-C3BEECAD99FD}"
EndProject
Global
	GlobalSection(SolutionConfigurationPlatforms) = preSolution
		Debug|x64 = Debug|x64
		Debug|x86 = Debug|x86
		Release|x64 = Release|x64
		Release|x86 = Release|x86
	EndGlobalSection
	GlobalSection(ProjectConfigurationPlatforms) = postSolution
		{5885B2C8-842D-49C0-833E-C3BEECAD99FD}.Debug|x64.ActiveCfg = Debug|x64
		{5885B2C8-842D-49C0-833E-C3BEECAD99FD}.Debug|x64.Build.0 = Debug|x64
		{5885B2C8-842D-49C0-833E-C3BEECAD99FD}.Debug|x86.ActiveCfg = Debug|Win32
		{5885B2C8-842D-49C0-833E-C3BEECAD99FD}.Debug|x86.Build.0 = Debug|Win32
		{5885B2C8-842D-49C0-833E-C3BEECAD99FD}.Release|x64.ActiveCfg = Release|x64
		{5885B2C8-842D-49C0-833E-C3BEECAD99FD}.Release|x64.Build.0 = Release|x64
		{5885B2C8-842D-49C0-833E-C3BEECAD99FD}.Release|x86.ActiveCfg = Release|Win32
		{5885B2C8-842D-49C0-833E-C3BEECAD99FD}.Release|x86.Build.0 = Release|Win32
	EndGlobalSection
	GlobalSection(SolutionProperties) = preSolution
		HideSolutionNode = FALSE
	EndGlobalSection
	GlobalSection(ExtensibilityGlobals) = postSolution
		SolutionGuid = {0978C050-17C8-4281-ABC7-7C5F66F935CE}
	EndGlobalSection
EndGlobal
